{
  "lockfileVersion": 1,
  "workspaces": {
    "": {
      "name": "pharmacy-backend",
      "dependencies": {
        "hono": "^4.0.0",
        "uuid": "^13.0.0",
      },
      "devDependencies": {
        "@types/uuid": "^11.0.0",
        "typescript": "^5.3.3",
      },
    },
  },
  "packages": {
    "@types/uuid": ["@types/uuid@11.0.0", "", { "dependencies": { "uuid": "*" } }, "sha512-HVyk8nj2m+jcFRNazzqyVKiZezyhDKrGUA3jlEcg/nZ6Ms+qHwocba1Y/AaVaznJTAM9xpdFSh+ptbNrhOGvZA=="],

    "hono": ["hono@4.9.11", "", {}, "sha512-MyJ4xop3boTyXl8bJBh4i20AAZTLM3AXUJphyrUb0CpgTKYb1N703z53XiKUKchGUpcPqiiYkiLOXA3kqK3icA=="],

    "typescript": ["typescript@5.9.3", "", { "bin": { "tsc": "bin/tsc", "tsserver": "bin/tsserver" } }, "sha512-jl1vZzPDinLr9eUt3J/t7V6FgNEw9QjvBPdysz9KfQDD41fQrC2Y4vKQdiaUpFT4bXlb1RHhLpp8wtm6M5TgSw=="],

    "uuid": ["uuid@13.0.0", "", { "bin": { "uuid": "dist-node/bin/uuid" } }, "sha512-XQegIaBTVUjSHliKqcnFqYypAd4S+WCYt5NIeRs6w/UAry7z8Y9j5ZwRRL4kzq9U3sD6v+85er9FvkEaBpji2w=="],
  }
}
